{
  "lockfileVersion": 2,
  "configVersion": 1,
  "workspaces": {
    "": {
      "name": "lucent",
      "devDependencies": {
        "@types/bun": "^1.2.0",
        "typescript": "~5.9.3",
      },
    },
    "packages/compiler": {
      "name": "@lucent/compiler",
      "version": "0.0.0",
      "dependencies": {
        "@oxc-project/types": "0.151.0",
        "oxc-parser": "0.151.0",
      },
    },
  },
  "packages": {
    "@lucent/compiler": ["@lucent/compiler@workspace:packages/compiler"],

    "@oxc-parser/binding-android-arm-eabi": ["@oxc-parser/binding-android-arm-eabi@0.151.0", "", { "os": "android", "cpu": "arm" }, "sha512-QLfrdT2XmHMo8krBiKHtnTtU2ugxruwnIWMcIl5qpCRV9KPZk1s2YZzSHkIjzabLxG6/1yOoDLvqfS3TrJhfWA=="],

    "@oxc-parser/binding-android-arm64": ["@oxc-parser/binding-android-arm64@0.151.0", "", { "os": "android", "cpu": "arm64" }, "sha512-APzs9QxkLGR85I6Slb93Onsd+9ZdR+PdKIy0g8oOuipiBRtXbEE3PW1QpRn3O2C9dCsfAC8+t7dWGRyByiTqJQ=="],

    "@oxc-parser/binding-darwin-arm64": ["@oxc-parser/binding-darwin-arm64@0.151.0", "", { "os": "darwin", "cpu": "arm64" }, "sha512-uPj085g+2TcYKm4LrPOF6mU/ilb48ghAfLMA+YIxaSAasgDAXO0c5UMjRrB9L59A1aMU9fvPtCGoW9cov9UtFQ=="],

    "@oxc-parser/binding-darwin-x64": ["@oxc-parser/binding-darwin-x64@0.151.0", "", { "os": "darwin", "cpu": "x64" }, "sha512-gqOyGZsEX9r8i37ONL2X8heUKCbTAY3UvaWlEJKPJYdgaYoIAXSuZrG27legT+0e4m0X/53RupoH6lfbxtMiMw=="],

    "@oxc-parser/binding-freebsd-x64": ["@oxc-parser/binding-freebsd-x64@0.151.0", "", { "os": "freebsd", "cpu": "x64" }, "sha512-Uih9lYFoB9k87b8jZ2263b8/HC0AuCQo9qPfu14KjoDmC7AmGvo4pCLiuEVVHjQycUjTO2dNtG39MIGUuCOx3A=="],

    "@oxc-parser/binding-linux-arm-gnueabihf": ["@oxc-parser/binding-linux-arm-gnueabihf@0.151.0", "", { "os": "linux", "cpu": "arm" }, "sha512-BW9ryFV0V7h37xAEpb1rx+jI/ArFjXlSvJ2CaPwqxCj+kcJdDMvt5/PpWLRRk56UpNpxpq/5+puTUd0/4OPCZw=="],

    "@oxc-parser/binding-linux-arm-musleabihf": ["@oxc-parser/binding-linux-arm-musleabihf@0.151.0", "", { "os": "linux", "cpu": "arm" }, "sha512-68zJuPgiFpZ9FF5WgpJiE9cukBZVNv79Yod2VV/wJLaiws+abCEfcxwVEH0608a7E/0zOO1Pj2iY7UrnUS8ydg=="],

    "@oxc-parser/binding-linux-arm64-gnu": ["@oxc-parser/binding-linux-arm64-gnu@0.151.0", "", { "os": "linux", "cpu": "arm64" }, "sha512-s/CCfZQcqoRo4Ij7ML43Yhe+gJZU7zmudd6StA0T9WDFPLaiWMoBlPRmoS39jPpODxPwI/6yPoiyjKOMNzSqCg=="],

    "@oxc-parser/binding-linux-arm64-musl": ["@oxc-parser/binding-linux-arm64-musl@0.151.0", "", { "os": "linux", "cpu": "arm64" }, "sha512-QSjn7WWZNGDTRlMT0SUGDHZNI9XOhGXWdqhL/FuDR/nh0MOqGQT8OHGBy95mZHne4WvoS0OgnUl/+55u07yBiQ=="],

    "@oxc-parser/binding-linux-ppc64-gnu": ["@oxc-parser/binding-linux-ppc64-gnu@0.151.0", "", { "os": "linux", "cpu": "ppc64" }, "sha512-RnvhC+cOND1dsNqbsirtZa9IWVJCCnxIZxs7nAvW0ZFjqqofwKbR3+TNKPqx2eASRC6+b78rZMLiNbDeDUp8+w=="],

    "@oxc-parser/binding-linux-riscv64-gnu": ["@oxc-parser/binding-linux-riscv64-gnu@0.151.0", "", { "os": "linux", "cpu": "none" }, "sha512-fpwItfDNVDgXOMV6GdMHD3QV3NdYWhwDH0E8BRuYNeQyUKchb8sNLvAQg+g1HxENvrYjiLqLWAafOja44/sLig=="],

    "@oxc-parser/binding-linux-riscv64-musl": ["@oxc-parser/binding-linux-riscv64-musl@0.151.0", "", { "os": "linux", "cpu": "none" }, "sha512-fKchmw5aUlZem7uZZfxsQAl53cFiGWrAKhwjYxvJFiBPQyC9CZ2P7Qhv9unDJSezChu6iJ6XGQWQnRUyLp7j5g=="],

    "@oxc-parser/binding-linux-s390x-gnu": ["@oxc-parser/binding-linux-s390x-gnu@0.151.0", "", { "os": "linux", "cpu": "s390x" }, "sha512-vDtxikQV1AixMY5pFAW5tDtGHmoexjGpEgtmPBAF3tXvEubm9KucxV0CxtuAIGEZ1aGyvZ74Hfryb7Vvq52F3Q=="],

    "@oxc-parser/binding-linux-x64-gnu": ["@oxc-parser/binding-linux-x64-gnu@0.151.0", "", { "os": "linux", "cpu": "x64" }, "sha512-JHB/TuPCUdnkMq9RXB7C/SZuauJUp1EYHi5DaH7ge7uNlCY4AOhc0QeWOjo2rj308+NjxgTwminglWpqlllAig=="],

    "@oxc-parser/binding-linux-x64-musl": ["@oxc-parser/binding-linux-x64-musl@0.151.0", "", { "os": "linux", "cpu": "x64" }, "sha512-rkoZa4Wv5LbUHdCJ+3vC9G68r49gaoaQPg52Jx7+aC60q3QHIiysrDHQlQ3hiIevsmDl0RgzD+Y389q/hb34WA=="],

    "@oxc-parser/binding-openharmony-arm64": ["@oxc-parser/binding-openharmony-arm64@0.151.0", "", { "os": "none", "cpu": "arm64" }, "sha512-zp74XxS9WHSp6ct8LEoTa87F5pJOjFPG0o7dg2YCXaKo0raxabpFMC7NTbefIzWmF9KLIuJF/Rg6CPIu6P/Aaw=="],

    "@oxc-parser/binding-win32-arm64-msvc": ["@oxc-parser/binding-win32-arm64-msvc@0.151.0", "", { "os": "win32", "cpu": "arm64" }, "sha512-xtqapASyiSTv6rdm29kKFoDsxTo1oCmMfhPLGCDbZQ0Y6sU4m7IPEH05NgNEs2SrTErBuldkvS6e0Aqzmu0BgQ=="],

    "@oxc-parser/binding-win32-ia32-msvc": ["@oxc-parser/binding-win32-ia32-msvc@0.151.0", "", { "os": "win32", "cpu": "ia32" }, "sha512-9s4L40gxkolXQx1Q675XEZqgI4j+7+os4kZAFHdrDQVapjB9J2iodub7A8VAZ0cGTfhZNLH4D9L26fwEyqu3fg=="],

    "@oxc-parser/binding-win32-x64-msvc": ["@oxc-parser/binding-win32-x64-msvc@0.151.0", "", { "os": "win32", "cpu": "x64" }, "sha512-temy3DJf08taii88l13vfs5Om/HWECLSAj5Ca7ANMvocrekAgCuPC4GeHLi0mJ0cmGPznfeaaj80wqQoPIRYPA=="],

    "@oxc-project/types": ["@oxc-project/types@0.151.0", "", {}, "sha512-J1yXrIlNDZVzE3ada310xeAw7nH8yCAyLPuUIsjKatFPmfn5bS1oW+cM+QsGOtVWd5nhSpbwZWx/rue+r5Z+PA=="],

    "@types/bun": ["@types/bun@1.4.2", "", { "dependencies": { "bun-types": "1.4.2" } }, "sha512-GimotNn7+ZV0uVArItBbriZsR1oNf0+WTzPkdcFrzShI7k2norL0uzEaJT8T33dWr7O/c9ZDuAFQrctKCi72oQ=="],

    "@types/node": ["@types/node@26.6.2", "", { "dependencies": { "undici-types": "~8.9.0" } }, "sha512-X1P21scMv4zGKLYqjdGjaKa7COa0RKVYYZZN/NfvLQ1JegxFhdhpZG/Lyn8AXx6CDUavKAd11v6BvfpkDByK8g=="],

    "bun-types": ["bun-types@1.4.2", "", { "dependencies": { "@types/node": "*" } }, "sha512-bxV1FgK7yBIzjRe5zBozIM4Bem11ZJcCXSrjWRG3YWLt8yFDePu4cLjpebO8OvPeIE9trbyPF4fuj3Cia4Fj3w=="],

    "oxc-parser": ["oxc-parser@0.151.0", "", { "dependencies": { "@oxc-project/types": "^0.151.0" }, "optionalDependencies": { "@oxc-parser/binding-android-arm-eabi": "0.151.0", "@oxc-parser/binding-android-arm64": "0.151.0", "@oxc-parser/binding-darwin-arm64": "0.151.0", "@oxc-parser/binding-darwin-x64": "0.151.0", "@oxc-parser/binding-freebsd-x64": "0.151.0", "@oxc-parser/binding-linux-arm-gnueabihf": "0.151.0", "@oxc-parser/binding-linux-arm-musleabihf": "0.151.0", "@oxc-parser/binding-linux-arm64-gnu": "0.151.0", "@oxc-parser/binding-linux-arm64-musl": "0.151.0", "@oxc-parser/binding-linux-ppc64-gnu": "0.151.0", "@oxc-parser/binding-linux-riscv64-gnu": "0.151.0", "@oxc-parser/binding-linux-riscv64-musl": "0.151.0", "@oxc-parser/binding-linux-s390x-gnu": "0.151.0", "@oxc-parser/binding-linux-x64-gnu": "0.151.0", "@oxc-parser/binding-linux-x64-musl": "0.151.0", "@oxc-parser/binding-openharmony-arm64": "0.151.0", "@oxc-parser/binding-win32-arm64-msvc": "0.151.0", "@oxc-parser/binding-win32-ia32-msvc": "0.151.0", "@oxc-parser/binding-win32-x64-msvc": "0.151.0" } }, "sha512-cX++XpBDCtSe52KKH3rhbh6xIRidYPpyB2reI3azD4l+Y0ci4JZiUgVXyM/r9rrMnYZf9gdWi+9fvFl1wol7nA=="],

    "typescript": ["typescript@5.9.3", "", { "bin": { "tsc": "bin/tsc", "tsserver": "bin/tsserver" } }, "sha512-jl1vZzPDinLr9eUt3J/t7V6FgNEw9QjvBPdysz9KfQDD41fQrC2Y4vKQdiaUpFT4bXlb1RHhLpp8wtm6M5TgSw=="],

    "undici-types": ["undici-types@8.9.0", "", {}, "sha512-KTDyRTYX8sWmKXAikPHHSyc63CRPETMctyjKFupcC6OBLXT3xsN0e9aF7m+mIXutFWpUXuedtowG7iLOzp0kQg=="],
  }
}
