// !$*UTF8*$!
{
	archiveVersion = 1;
	classes = {
	};
	objectVersion = 77;
	objects = {

/* Begin PBXNativeTarget section */
		13B07F861A680F5B00A75B9A /* App */ = {
			isa = PBXNativeTarget;
			buildConfigurationList = 13B07F931A680F5B00A75B9A /* Build configuration list for PBXNativeTarget "App" */;
			buildPhases = (
			);
			name = App;
			productName = App;
			productType = "com.apple.product-type.application";
		};
		13B07F871A680F5B00A75B9A /* AppTests */ = {
			isa = PBXNativeTarget;
			buildConfigurationList = 13B07F981A680F5B00A75B9A /* Build configuration list for PBXNativeTarget "AppTests" */;
			name = AppTests;
			productType = "com.apple.product-type.bundle.unit-test";
		};
/* End PBXNativeTarget section */

/* Begin PBXProject section */
		83CBB9F71A601CBA00E9B192 /* Project object */ = {
			isa = PBXProject;
			buildConfigurationList = 83CBB9FA1A601CBA00E9B192 /* Build configuration list for PBXProject "App" */;
			packageReferences = (
				7A1B2C3D4E5F60718293A4B6 /* XCRemoteSwiftPackageReference "Gauges" */,
			);
			targets = (
				13B07F861A680F5B00A75B9A /* App */,
				13B07F871A680F5B00A75B9A /* AppTests */,
			);
		};
/* End PBXProject section */

/* Begin XCBuildConfiguration section */
		13B07F941A680F5B00A75B9A /* Debug */ = {
			isa = XCBuildConfiguration;
			buildSettings = {
				IPHONEOS_DEPLOYMENT_TARGET = 16.4;
				PRODUCT_NAME = App;
				"OTHER_LDFLAGS[arch=*]" = (
					"$(inherited)",
					"-ObjC",
				);
			};
			name = Debug;
		};
		13B07F951A680F5B00A75B9A /* Release */ = {
			isa = XCBuildConfiguration;
			buildSettings = {
				IPHONEOS_DEPLOYMENT_TARGET = 16.4;
				PRODUCT_NAME = App;
			};
			name = Release;
		};
		13B07F961A680F5B00A75B9A /* Debug */ = {
			isa = XCBuildConfiguration;
			buildSettings = {
				IPHONEOS_DEPLOYMENT_TARGET = 17.0;
			};
			name = Debug;
		};
		83CBBA201A601CBA00E9B192 /* Debug */ = {
			isa = XCBuildConfiguration;
			buildSettings = {
				IPHONEOS_DEPLOYMENT_TARGET = 15.1;
				SDKROOT = iphoneos;
			};
			name = Debug;
		};
/* End XCBuildConfiguration section */

/* Begin XCConfigurationList section */
		13B07F931A680F5B00A75B9A /* Build configuration list for PBXNativeTarget "App" */ = {
			isa = XCConfigurationList;
			buildConfigurations = (
				13B07F941A680F5B00A75B9A /* Debug */,
				13B07F951A680F5B00A75B9A /* Release */,
			);
			defaultConfigurationName = Release;
		};
		13B07F981A680F5B00A75B9A /* Build configuration list for PBXNativeTarget "AppTests" */ = {
			isa = XCConfigurationList;
			buildConfigurations = (
				13B07F961A680F5B00A75B9A /* Debug */,
			);
		};
		83CBB9FA1A601CBA00E9B192 /* Build configuration list for PBXProject "App" */ = {
			isa = XCConfigurationList;
			buildConfigurations = (
				83CBBA201A601CBA00E9B192 /* Debug */,
			);
		};
/* End XCConfigurationList section */

/* Begin XCRemoteSwiftPackageReference section */
		7A1B2C3D4E5F60718293A4B6 /* XCRemoteSwiftPackageReference "Gauges" */ = {
			isa = XCRemoteSwiftPackageReference;
			repositoryURL = "https://github.com/acme/Gauges.git";
			requirement = {
				kind = upToNextMajorVersion;
				minimumVersion = 1.2.0;
			};
		};
/* End XCRemoteSwiftPackageReference section */
	};
	rootObject = 83CBB9F71A601CBA00E9B192 /* Project object */;
}
